
Microsoft Visual Studio Solution File, Format Version 12.00
# Visual Studio Version 17
VisualStudioVersion = 17.7.34009.444
MinimumVisualStudioVersion = 10.0.40219.1
Project("{9A19103F-16F7-4668-BE54-9A1E7A4F7556}") = "1 - Monolith", "Monolith\1 - Monolith.csproj", "{7709084D-C0CB-45CF-A0A0-7FD95129B404}"
EndProject
Project("{FAE04EC0-301F-11D3-BF4B-00C04F79EFBC}") = "2 - Layered", "Layered\2 - Layered.csproj", "{89A57E29-BED3-473B-97A0-0457A047BC4D}"
EndProject
Project("{9A19103F-16F7-4668-BE54-9A1E7A4F7556}") = "3 - Layered2", "Layered2\3 - Layered2.csproj", "{B6614821-76C1-4E4E-B15A-D5DCC3671A15}"
EndProject
Global
	GlobalSection(SolutionConfigurationPlatforms) = preSolution
		Debug|Any CPU = Debug|Any CPU
		Release|Any CPU = Release|Any CPU
	EndGlobalSection
	GlobalSection(ProjectConfigurationPlatforms) = postSolution
		{7709084D-C0CB-45CF-A0A0-7FD95129B404}.Debug|Any CPU.ActiveCfg = Debug|Any CPU
		{7709084D-C0CB-45CF-A0A0-7FD95129B404}.Debug|Any CPU.Build.0 = Debug|Any CPU
		{7709084D-C0CB-45CF-A0A0-7FD95129B404}.Release|Any CPU.ActiveCfg = Release|Any CPU
		{7709084D-C0CB-45CF-A0A0-7FD95129B404}.Release|Any CPU.Build.0 = Release|Any CPU
		{89A57E29-BED3-473B-97A0-0457A047BC4D}.Debug|Any CPU.ActiveCfg = Debug|Any CPU
		{89A57E29-BED3-473B-97A0-0457A047BC4D}.Debug|Any CPU.Build.0 = Debug|Any CPU
		{89A57E29-BED3-473B-97A0-0457A047BC4D}.Release|Any CPU.ActiveCfg = Release|Any CPU
		{89A57E29-BED3-473B-97A0-0457A047BC4D}.Release|Any CPU.Build.0 = Release|Any CPU
		{B6614821-76C1-4E4E-B15A-D5DCC3671A15}.Debug|Any CPU.ActiveCfg = Debug|Any CPU
		{B6614821-76C1-4E4E-B15A-D5DCC3671A15}.Debug|Any CPU.Build.0 = Debug|Any CPU
		{B6614821-76C1-4E4E-B15A-D5DCC3671A15}.Release|Any CPU.ActiveCfg = Release|Any CPU
		{B6614821-76C1-4E4E-B15A-D5DCC3671A15}.Release|Any CPU.Build.0 = Release|Any CPU
	EndGlobalSection
	GlobalSection(SolutionProperties) = preSolution
		HideSolutionNode = FALSE
	EndGlobalSection
	GlobalSection(ExtensibilityGlobals) = postSolution
		SolutionGuid = {5B94EDE6-EE55-407E-84EA-41231B445BFE}
	EndGlobalSection
EndGlobal
